{
  "nodes": {
    "cl-cc": {
      "flake": false,
      "locked": {
        "lastModified": 1784793467,
        "narHash": "sha256-wmA1qPa4gL+dhXDzP30l1rc86AUE+H5IFsBDHuHmiUs=",
        "owner": "nerima-lisp",
        "repo": "cl-cc",
        "rev": "a5b8f0117e9d2068dc7bb9cdaf6230d965a39b26",
        "type": "github"
      },
      "original": {
        "owner": "nerima-lisp",
        "repo": "cl-cc",
        "type": "github"
      }
    },
    "cl-parser-kit": {
      "flake": false,
      "locked": {
        "lastModified": 1784998474,
        "narHash": "sha256-rqY2m2oCJX2/wVRQ98pNYxH5+QUPfuDqEyiK89D+h+g=",
        "owner": "nerima-lisp",
        "repo": "cl-parser-kit",
        "rev": "8316a9c9a4d39bc95cd2a7d33738750a12314ccc",
        "type": "github"
      },
      "original": {
        "owner": "nerima-lisp",
        "ref": "v1.0.0",
        "repo": "cl-parser-kit",
        "type": "github"
      }
    },
    "cl-prolog": {
      "flake": false,
      "locked": {
        "lastModified": 1785003722,
        "narHash": "sha256-cL5wNd5TDZEIFxvhbBGTFYZOL+YB+boUBPK0yRV66r8=",
        "owner": "nerima-lisp",
        "repo": "cl-prolog",
        "rev": "a1352cee259b5476193255f21d8e56630f9893a9",
        "type": "github"
      },
      "original": {
        "owner": "nerima-lisp",
        "ref": "v1.0.1",
        "repo": "cl-prolog",
        "type": "github"
      }
    },
    "cl-weave": {
      "flake": false,
      "locked": {
        "lastModified": 1784975289,
        "narHash": "sha256-Je74eEojj79RuBQpVF8vSygjlSEhjnmMq8abgyB4sGc=",
        "owner": "nerima-lisp",
        "repo": "cl-weave",
        "rev": "41020b897003fc1e3097cd62643f83ee8334c3be",
        "type": "github"
      },
      "original": {
        "owner": "nerima-lisp",
        "ref": "v1.0.0",
        "repo": "cl-weave",
        "type": "github"
      }
    },
    "nixpkgs": {
      "locked": {
        "lastModified": 1784796856,
        "narHash": "sha256-wWFrV5/Qbm+lyt5x20E/bSbfJiGKMo4RCxZV8cl/WZI=",
        "owner": "NixOS",
        "repo": "nixpkgs",
        "rev": "e2587caef70cea85dd97d7daab492899902dbf5d",
        "type": "github"
      },
      "original": {
        "owner": "NixOS",
        "ref": "nixos-unstable",
        "repo": "nixpkgs",
        "type": "github"
      }
    },
    "root": {
      "inputs": {
        "cl-cc": "cl-cc",
        "cl-parser-kit": "cl-parser-kit",
        "cl-prolog": "cl-prolog",
        "cl-weave": "cl-weave",
        "nixpkgs": "nixpkgs",
        "treefmt-nix": "treefmt-nix"
      }
    },
    "treefmt-nix": {
      "inputs": {
        "nixpkgs": [
          "nixpkgs"
        ]
      },
      "locked": {
        "lastModified": 1784369104,
        "narHash": "sha256-47cxbcZODibHv3rELFQ9vZly0vUNkND/atn/U7HLeb0=",
        "owner": "numtide",
        "repo": "treefmt-nix",
        "rev": "df3c0640565d04a0261253cdd89fce78ec50168a",
        "type": "github"
      },
      "original": {
        "owner": "numtide",
        "repo": "treefmt-nix",
        "type": "github"
      }
    }
  },
  "root": "root",
  "version": 7
}
