{
  "nodes": {
    "cl-cc": {
      "flake": false,
      "locked": {
        "lastModified": 1785038020,
        "narHash": "sha256-0eThEy6Vy0qBRG3UD7i2OBWEHCdSB8/ldRZqe9lxNsE=",
        "owner": "nerima-lisp",
        "repo": "cl-cc",
        "rev": "4aca55a2e7e3c92685870a434c2e60827a3d90a1",
        "type": "github"
      },
      "original": {
        "owner": "nerima-lisp",
        "repo": "cl-cc",
        "rev": "4aca55a2e7e3c92685870a434c2e60827a3d90a1",
        "type": "github"
      }
    },
    "cl-host-kit": {
      "flake": false,
      "locked": {
        "lastModified": 1785662299,
        "narHash": "sha256-XzvvQ6MsRFYQNYe757mIbzSlBUy8l6Jv0aReFpuxPyo=",
        "owner": "nerima-lisp",
        "repo": "cl-host-kit",
        "rev": "7dc003d5ba176080796d775f6c8c4f75a5d56107",
        "type": "github"
      },
      "original": {
        "owner": "nerima-lisp",
        "ref": "v0.2.5",
        "repo": "cl-host-kit",
        "type": "github"
      }
    },
    "cl-json-kit": {
      "flake": false,
      "locked": {
        "lastModified": 1785654907,
        "narHash": "sha256-f9mh/oRlKmkEjx3x6sflSyofi9+ixAnCKrHO6xMpIgY=",
        "owner": "nerima-lisp",
        "repo": "cl-json-kit",
        "rev": "8fac6689685c03a9da18bf99db973278b2620cf7",
        "type": "github"
      },
      "original": {
        "owner": "nerima-lisp",
        "ref": "v1.0.2",
        "repo": "cl-json-kit",
        "type": "github"
      }
    },
    "cl-parser-kit": {
      "flake": false,
      "locked": {
        "lastModified": 1785656543,
        "narHash": "sha256-VhN+gWAo594jpg350TrBgp//bJQRDOtDNYIa1zB144U=",
        "owner": "nerima-lisp",
        "repo": "cl-parser-kit",
        "rev": "b887d3b053d24df4568fcff2f3e3ee47d839db22",
        "type": "github"
      },
      "original": {
        "owner": "nerima-lisp",
        "ref": "v1.0.3",
        "repo": "cl-parser-kit",
        "type": "github"
      }
    },
    "cl-prolog": {
      "flake": false,
      "locked": {
        "lastModified": 1785656951,
        "narHash": "sha256-szDf+Sg5RDex/VC/2h9tt9TQYyxwOgPjTR4PpKB9To8=",
        "owner": "nerima-lisp",
        "repo": "cl-prolog",
        "rev": "c78f2c34792d01b653721d6b12427f98ef4235d7",
        "type": "github"
      },
      "original": {
        "owner": "nerima-lisp",
        "ref": "v1.3.0",
        "repo": "cl-prolog",
        "type": "github"
      }
    },
    "cl-weave": {
      "flake": false,
      "locked": {
        "lastModified": 1785662484,
        "narHash": "sha256-GFChZBI8RbOnov3WCTT2jw0H/kBqYK0ig6i7ltzjnyU=",
        "owner": "nerima-lisp",
        "repo": "cl-weave",
        "rev": "a8a094226480b92a3789e7e48a2af5faa2e36326",
        "type": "github"
      },
      "original": {
        "owner": "nerima-lisp",
        "ref": "v1.1.4",
        "repo": "cl-weave",
        "type": "github"
      }
    },
    "nixpkgs": {
      "locked": {
        "lastModified": 1785571196,
        "narHash": "sha256-KoTsyMQqnXQZq8deCEnu4QkyldkwH/bpMMhUcfMdGIw=",
        "owner": "NixOS",
        "repo": "nixpkgs",
        "rev": "148bab9c1c3c53136ecb44a6ea356a0ed5b39b06",
        "type": "github"
      },
      "original": {
        "owner": "NixOS",
        "ref": "nixos-unstable",
        "repo": "nixpkgs",
        "type": "github"
      }
    },
    "root": {
      "inputs": {
        "cl-cc": "cl-cc",
        "cl-host-kit": "cl-host-kit",
        "cl-json-kit": "cl-json-kit",
        "cl-parser-kit": "cl-parser-kit",
        "cl-prolog": "cl-prolog",
        "cl-weave": "cl-weave",
        "nixpkgs": "nixpkgs",
        "treefmt-nix": "treefmt-nix"
      }
    },
    "treefmt-nix": {
      "inputs": {
        "nixpkgs": [
          "nixpkgs"
        ]
      },
      "locked": {
        "lastModified": 1785360170,
        "narHash": "sha256-XE1lKgQ3eIO3E7zWryqcRsax+mYXod/5RHBn4YaR9YE=",
        "owner": "numtide",
        "repo": "treefmt-nix",
        "rev": "d1187f8bc71fb8aab02395869ec3f5c1920f75c0",
        "type": "github"
      },
      "original": {
        "owner": "numtide",
        "repo": "treefmt-nix",
        "type": "github"
      }
    }
  },
  "root": "root",
  "version": 7
}
